
Microsoft Visual Studio Solution File, Format Version 12.00
# Visual Studio Version 17
VisualStudioVersion = 17.4.33213.308
MinimumVisualStudioVersion = 10.0.40219.1
Project("{FAE04EC0-301F-11D3-BF4B-00C04F79EFBC}") = "Finalv1", "Finalv1\Finalv1.csproj", "{1A5D4CBD-4301-425A-A626-7A3B3F66B716}"
EndProject
Project("{FAE04EC0-301F-11D3-BF4B-00C04F79EFBC}") = "Finalv1BLL", "Finalv1BLL\Finalv1BLL.csproj", "{1E16E9DB-C133-408B-A51B-FBBB3039C0C4}"
EndProject
Project("{FAE04EC0-301F-11D3-BF4B-00C04F79EFBC}") = "Finalv1DAL", "Finalv1DAL\Finalv1DAL.csproj", "{F45C087B-E7A2-444B-890E-C6CF07F446B3}"
EndProject
Global
	GlobalSection(SolutionConfigurationPlatforms) = preSolution
		Debug|Any CPU = Debug|Any CPU
		Release|Any CPU = Release|Any CPU
	EndGlobalSection
	GlobalSection(ProjectConfigurationPlatforms) = postSolution
		{1A5D4CBD-4301-425A-A626-7A3B3F66B716}.Debug|Any CPU.ActiveCfg = Debug|Any CPU
		{1A5D4CBD-4301-425A-A626-7A3B3F66B716}.Debug|Any CPU.Build.0 = Debug|Any CPU
		{1A5D4CBD-4301-425A-A626-7A3B3F66B716}.Release|Any CPU.ActiveCfg = Release|Any CPU
		{1A5D4CBD-4301-425A-A626-7A3B3F66B716}.Release|Any CPU.Build.0 = Release|Any CPU
		{1E16E9DB-C133-408B-A51B-FBBB3039C0C4}.Debug|Any CPU.ActiveCfg = Debug|Any CPU
		{1E16E9DB-C133-408B-A51B-FBBB3039C0C4}.Debug|Any CPU.Build.0 = Debug|Any CPU
		{1E16E9DB-C133-408B-A51B-FBBB3039C0C4}.Release|Any CPU.ActiveCfg = Release|Any CPU
		{1E16E9DB-C133-408B-A51B-FBBB3039C0C4}.Release|Any CPU.Build.0 = Release|Any CPU
		{F45C087B-E7A2-444B-890E-C6CF07F446B3}.Debug|Any CPU.ActiveCfg = Debug|Any CPU
		{F45C087B-E7A2-444B-890E-C6CF07F446B3}.Debug|Any CPU.Build.0 = Debug|Any CPU
		{F45C087B-E7A2-444B-890E-C6CF07F446B3}.Release|Any CPU.ActiveCfg = Release|Any CPU
		{F45C087B-E7A2-444B-890E-C6CF07F446B3}.Release|Any CPU.Build.0 = Release|Any CPU
	EndGlobalSection
	GlobalSection(SolutionProperties) = preSolution
		HideSolutionNode = FALSE
	EndGlobalSection
	GlobalSection(ExtensibilityGlobals) = postSolution
		SolutionGuid = {D29122D9-364A-4FBE-8933-2A8506F24DEA}
	EndGlobalSection
EndGlobal
